<?xml version="1.0" encoding="UTF-8" standalone="yes" ?>
<CodeBlocks_project_file>
	<FileVersion major="1" minor="6" />
	<Project>
		<Option title="produce_questions" />
		<Option pch_mode="2" />
		<Option compiler="gcc" />
		<Build>
			<Target title="Debug">
				<Option output="bin/Debug/produce_questions" prefix_auto="1" extension_auto="1" />
				<Option object_output="obj/Debug/" />
				<Option type="1" />
				<Option compiler="gcc" />
				<Option parameters="5aa83c26580d503c85c9d0e0 fr localhost diaphnea" />
				<Compiler>
					<Add option="-std=c++11" />
					<Add option="-g" />
					<Add directory="../../../mongo-cxx-driver/include" />
				</Compiler>
				<Linker>
					<Add option="-pthread" />
					<Add library="../../../mongo-cxx-driver/lib/libmongoclient.a" />
					<Add library="boost_system" />
					<Add library="boost_regex" />
					<Add library="boost_thread" />
					<Add library="ssl" />
					<Add library="crypto" />
				</Linker>
			</Target>
			<Target title="Release">
				<Option output="bin/Release/produce_questions" prefix_auto="1" extension_auto="1" />
				<Option object_output="obj/Release/" />
				<Option type="1" />
				<Option compiler="gcc" />
				<Option parameters="5aa83c26580d503c85c9d0e0 fr localhost diaphnea" />
				<Compiler>
					<Add option="-O2" />
					<Add option="-std=c++11" />
					<Add directory="../../../mongo-cxx-driver/include" />
				</Compiler>
				<Linker>
					<Add option="-s" />
					<Add option="-pthread" />
					<Add library="../../../mongo-cxx-driver/lib/libmongoclient.a" />
					<Add library="boost_system" />
					<Add library="boost_regex" />
					<Add library="boost_thread" />
					<Add library="ssl" />
					<Add library="crypto" />
				</Linker>
				<ExtraCommands>
					<Add after="cp ./bin/Release/produce_questions ./../produce_questions.exe" />
					<Mode after="always" />
				</ExtraCommands>
			</Target>
		</Build>
		<Compiler>
			<Add option="-Wall" />
			<Add option="-fexceptions" />
		</Compiler>
		<Unit filename="AttributeOrderCategory.cpp" />
		<Unit filename="AttributeOrderCategory.h" />
		<Unit filename="AttributeOrderChoice.cpp" />
		<Unit filename="AttributeOrderChoice.h" />
		<Unit filename="Category.cpp" />
		<Unit filename="Category.h" />
		<Unit filename="Choice.cpp" />
		<Unit filename="Choice.h" />
		<Unit filename="CompleteQuestion.cpp" />
		<Unit filename="CompleteQuestion.h" />
		<Unit filename="Level.cpp" />
		<Unit filename="Level.h" />
		<Unit filename="MapIdInfo.cpp" />
		<Unit filename="MapIdInfo.h" />
		<Unit filename="MapParameters.cpp" />
		<Unit filename="MapParameters.h" />
		<Unit filename="MapSubParameters.cpp" />
		<Unit filename="MapSubParameters.h" />
		<Unit filename="MultipleAnswerCategory.cpp" />
		<Unit filename="MultipleAnswerCategory.h" />
		<Unit filename="MultipleAnswerQuestion.cpp" />
		<Unit filename="MultipleAnswerQuestion.h" />
		<Unit filename="ProximityCriterionTypeEnum.h" />
		<Unit filename="QuestionMultiplicityEnum.h" />
		<Unit filename="QuestionProducer.cpp" />
		<Unit filename="QuestionProducer.h" />
		<Unit filename="QuizData.cpp" />
		<Unit filename="QuizData.h" />
		<Unit filename="RandomNumberGenerator.cpp" />
		<Unit filename="RandomNumberGenerator.h" />
		<Unit filename="RelationOrderCategory.cpp" />
		<Unit filename="RelationOrderCategory.h" />
		<Unit filename="RelationOrderChoice.cpp" />
		<Unit filename="RelationOrderChoice.h" />
		<Unit filename="RelationOrderQuestion.cpp" />
		<Unit filename="RelationOrderQuestion.h" />
		<Unit filename="SimpleAnswerCategory.cpp" />
		<Unit filename="SimpleAnswerCategory.h" />
		<Unit filename="SimpleAnswerQuestion.cpp" />
		<Unit filename="SimpleAnswerQuestion.h" />
		<Unit filename="TextAndComment.cpp" />
		<Unit filename="TextAndComment.h" />
		<Unit filename="produce_questions.cpp" />
		<Extensions>
			<code_completion />
			<debugger />
		</Extensions>
	</Project>
</CodeBlocks_project_file>
