<?xml version="1.0" encoding="UTF-8" standalone="yes" ?>
<CodeBlocks_project_file>
	<FileVersion major="1" minor="6" />
	<Project>
		<Option title="map_server2" />
		<Option pch_mode="2" />
		<Option compiler="gcc" />
		<Build>
			<Target title="Debug">
				<Option output="bin/Debug/map_server2" prefix_auto="1" extension_auto="1" />
				<Option object_output="obj/Debug/" />
				<Option type="1" />
				<Option compiler="gcc" />
				<Compiler>
					<Add option="-std=c++11" />
					<Add option="-g" />
					<Add directory="Requests" />
					<Add directory="." />
					<Add directory="Data" />
				</Compiler>
				<Linker>
					<Add option="-pthread" />
				</Linker>
			</Target>
			<Target title="Release">
				<Option output="bin/Release/map_server2" prefix_auto="1" extension_auto="1" />
				<Option object_output="obj/Release/" />
				<Option type="1" />
				<Option compiler="gcc" />
				<Compiler>
					<Add option="-O2" />
					<Add option="-std=c++11" />
					<Add directory="Requests" />
					<Add directory="." />
					<Add directory="Data" />
				</Compiler>
				<Linker>
					<Add option="-s" />
					<Add option="-pthread" />
				</Linker>
			</Target>
		</Build>
		<Compiler>
			<Add option="-Wall" />
			<Add option="-fexceptions" />
		</Compiler>
		<Unit filename="Data/CommonData.cpp" />
		<Unit filename="Data/CommonData.h" />
		<Unit filename="Data/ElementInfo.cpp" />
		<Unit filename="Data/ElementInfo.h" />
		<Unit filename="Data/ElementTypeEnum.h" />
		<Unit filename="Data/FilledPolygonItem.cpp" />
		<Unit filename="Data/FilledPolygonItem.h" />
		<Unit filename="Data/LineElement.cpp" />
		<Unit filename="Data/LineElement.h" />
		<Unit filename="Data/LineItem.cpp" />
		<Unit filename="Data/LineItem.h" />
		<Unit filename="Data/LineLook.cpp" />
		<Unit filename="Data/LineLook.h" />
		<Unit filename="Data/MapData.h" />
		<Unit filename="Data/MultipointItem.cpp" />
		<Unit filename="Data/MultipointItem.h" />
		<Unit filename="Data/PointElement.cpp" />
		<Unit filename="Data/PointElement.h" />
		<Unit filename="Data/PointItem.cpp" />
		<Unit filename="Data/PointItem.h" />
		<Unit filename="Data/PointLook.cpp" />
		<Unit filename="Data/PointLook.h" />
		<Unit filename="Data/PolygonElement.cpp" />
		<Unit filename="Data/PolygonElement.h" />
		<Unit filename="Data/PolygonLook.cpp" />
		<Unit filename="Data/PolygonLook.h" />
		<Unit filename="Data/generated_code/_France/IntArrays.cpp" />
		<Unit filename="Data/generated_code/_France/LineElements.cpp" />
		<Unit filename="Data/generated_code/_France/MapData.cpp" />
		<Unit filename="Data/generated_code/_France/MultipointItems.cpp" />
		<Unit filename="Data/generated_code/_France/PointElements.cpp" />
		<Unit filename="Data/generated_code/_France/PolygonElements.cpp" />
		<Unit filename="Data/generated_code/_France/Strings.cpp" />
		<Unit filename="ErrorEnum.h" />
		<Unit filename="MapServer.cpp" />
		<Unit filename="MapServer.h" />
		<Unit filename="MessageTypeEnum.h" />
		<Unit filename="Requests/RenderRequest.cpp" />
		<Unit filename="Requests/RenderRequest.h" />
		<Unit filename="Requests/Request.cpp" />
		<Unit filename="Requests/Request.h" />
		<Unit filename="Requests/SvgCustomColor.cpp" />
		<Unit filename="Requests/SvgCustomColor.h" />
		<Unit filename="ThreadInfo.cpp" />
		<Unit filename="ThreadInfo.h" />
		<Unit filename="map_server.cpp" />
		<Extensions>
			<code_completion />
			<debugger />
		</Extensions>
	</Project>
</CodeBlocks_project_file>
