<?xml version="1.0" encoding="UTF-8" standalone="yes" ?>
<CodeBlocks_project_file>
	<FileVersion major="1" minor="6" />
	<Project>
		<Option title="map_server2" />
		<Option pch_mode="2" />
		<Option compiler="gcc" />
		<Build>
			<Target title="Debug">
				<Option output="bin/Debug/map_server2" prefix_auto="1" extension_auto="1" />
				<Option object_output="obj/Debug/" />
				<Option type="1" />
				<Option compiler="gcc" />
				<Compiler>
					<Add option="-std=c++11" />
					<Add option="-g" />
					<Add directory="Requests" />
					<Add directory="." />
					<Add directory="Data" />
					<Add directory="../../../../freetype-2.7/include" />
					<Add directory="TextDisplayer" />
				</Compiler>
				<Linker>
					<Add option="-pthread `libpng-config --ldflags`" />
					<Add library="freetype" />
					<Add library="obj/Debug/Data/generated_code/_France/_France.a" />
				</Linker>
			</Target>
			<Target title="Release">
				<Option output="bin/Release/map_server2" prefix_auto="1" extension_auto="1" />
				<Option object_output="obj/Release/" />
				<Option type="1" />
				<Option compiler="gcc" />
				<Compiler>
					<Add option="-O2" />
					<Add option="-std=c++11" />
					<Add option="-DBUILD_WITHOUT_PNGPP" />
					<Add directory="Requests" />
					<Add directory="." />
					<Add directory="Data" />
					<Add directory="../../../../freetype-2.7/include" />
					<Add directory="TextDisplayer" />
				</Compiler>
				<Linker>
					<Add option="-s" />
					<Add option="-pthread `libpng-config --ldflags`" />
					<Add library="freetype" />
					<Add library="obj/Release/Data/generated_code/_France/_France.a" />
				</Linker>
			</Target>
		</Build>
		<Compiler>
			<Add option="-Wall" />
			<Add option="-fexceptions" />
		</Compiler>
		<Unit filename="Data/CommonData.cpp" />
		<Unit filename="Data/CommonData.h" />
		<Unit filename="Data/ElementInfo.cpp" />
		<Unit filename="Data/ElementInfo.h" />
		<Unit filename="Data/ElementName.cpp" />
		<Unit filename="Data/ElementName.h" />
		<Unit filename="Data/ElementTypeEnum.h" />
		<Unit filename="Data/FilledPolygonItem.cpp" />
		<Unit filename="Data/FilledPolygonItem.h" />
		<Unit filename="Data/LineElement.cpp" />
		<Unit filename="Data/LineElement.h" />
		<Unit filename="Data/LineItem.cpp" />
		<Unit filename="Data/LineItem.h" />
		<Unit filename="Data/LineLook.cpp" />
		<Unit filename="Data/LineLook.h" />
		<Unit filename="Data/MapData.h" />
		<Unit filename="Data/MapItem.cpp" />
		<Unit filename="Data/MapItem.h" />
		<Unit filename="Data/MultipointItem.cpp" />
		<Unit filename="Data/MultipointItem.h" />
		<Unit filename="Data/NameTranslation.cpp" />
		<Unit filename="Data/NameTranslation.h" />
		<Unit filename="Data/Point.cpp" />
		<Unit filename="Data/Point.h" />
		<Unit filename="Data/PointElement.cpp" />
		<Unit filename="Data/PointElement.h" />
		<Unit filename="Data/PointItem.cpp" />
		<Unit filename="Data/PointItem.h" />
		<Unit filename="Data/PointList.cpp" />
		<Unit filename="Data/PointList.h" />
		<Unit filename="Data/PointLook.cpp" />
		<Unit filename="Data/PointLook.h" />
		<Unit filename="Data/PolygonElement.cpp" />
		<Unit filename="Data/PolygonElement.h" />
		<Unit filename="Data/PolygonLook.cpp" />
		<Unit filename="Data/PolygonLook.h" />
		<Unit filename="ErrorEnum.h" />
		<Unit filename="MapServer.cpp" />
		<Unit filename="MapServer.h" />
		<Unit filename="MessageTypeEnum.h" />
		<Unit filename="Requests/ElementInfoRequest.cpp" />
		<Unit filename="Requests/ElementInfoRequest.h" />
		<Unit filename="Requests/ElementsInfoRequest.cpp" />
		<Unit filename="Requests/ElementsInfoRequest.h" />
		<Unit filename="Requests/ItemDataRequest.cpp" />
		<Unit filename="Requests/ItemDataRequest.h" />
		<Unit filename="Requests/MapInfoRequest.cpp" />
		<Unit filename="Requests/MapInfoRequest.h" />
		<Unit filename="Requests/RenderRequest.cpp" />
		<Unit filename="Requests/RenderRequest.h" />
		<Unit filename="Requests/Request.cpp" />
		<Unit filename="Requests/Request.h" />
		<Unit filename="Requests/SvgCreator.cpp" />
		<Unit filename="Requests/SvgCreator.h" />
		<Unit filename="Requests/SvgCurveInfo.cpp" />
		<Unit filename="Requests/SvgCurveInfo.h" />
		<Unit filename="Requests/SvgCustomColor.cpp" />
		<Unit filename="Requests/SvgCustomColor.h" />
		<Unit filename="Requests/SvgInfo.cpp" />
		<Unit filename="Requests/SvgInfo.h" />
		<Unit filename="Requests/SvgItemInfo.cpp" />
		<Unit filename="Requests/SvgItemInfo.h" />
		<Unit filename="Requests/SvgLineInfo.cpp" />
		<Unit filename="Requests/SvgLineInfo.h" />
		<Unit filename="Requests/SvgTextInfo.cpp" />
		<Unit filename="Requests/SvgTextInfo.h" />
		<Unit filename="TextDisplayer/Interval.cpp" />
		<Unit filename="TextDisplayer/Interval.h" />
		<Unit filename="TextDisplayer/PngImage.cpp" />
		<Unit filename="TextDisplayer/PngImage.h" />
		<Unit filename="TextDisplayer/Potential.cpp" />
		<Unit filename="TextDisplayer/Potential.h" />
		<Unit filename="TextDisplayer/RepulsiveCenter.cpp" />
		<Unit filename="TextDisplayer/RepulsiveCenter.h" />
		<Unit filename="TextDisplayer/TextDisplayer.cpp" />
		<Unit filename="TextDisplayer/TextDisplayer.h" />
		<Unit filename="TextDisplayer/TextDisplayerParameters.cpp" />
		<Unit filename="TextDisplayer/TextDisplayerParameters.h" />
		<Unit filename="TextDisplayer/TextInfo.cpp" />
		<Unit filename="TextDisplayer/TextInfo.h" />
		<Unit filename="TextDisplayer/TextInfoLine.cpp" />
		<Unit filename="TextDisplayer/TextPotential.cpp" />
		<Unit filename="TextDisplayer/TextPotential.h" />
		<Unit filename="ThreadInfo.cpp" />
		<Unit filename="ThreadInfo.h" />
		<Unit filename="map_server.cpp" />
		<Extensions>
			<code_completion />
			<debugger />
		</Extensions>
	</Project>
</CodeBlocks_project_file>
