<?xml version="1.0" encoding="utf-8"?>
<Project ToolsVersion="4.0" xmlns="http://schemas.microsoft.com/developer/msbuild/2003">
  <ItemGroup>
    <Filter Include="Source Files">
      <UniqueIdentifier>{4FC737F1-C7A5-4376-A066-2A32D752A2FF}</UniqueIdentifier>
      <Extensions>cpp;c;cc;cxx;def;odl;idl;hpj;bat;asm;asmx</Extensions>
    </Filter>
    <Filter Include="Header Files">
      <UniqueIdentifier>{93995380-89BD-4b04-88EB-625FBE52EBFB}</UniqueIdentifier>
      <Extensions>h;hh;hpp;hxx;hm;inl;inc;xsd</Extensions>
    </Filter>
    <Filter Include="Resource Files">
      <UniqueIdentifier>{67DA6AB6-F800-4c08-8B7A-83BB121AAD01}</UniqueIdentifier>
      <Extensions>rc;ico;cur;bmp;dlg;rc2;rct;bin;rgs;gif;jpg;jpeg;jpe;resx;tiff;tif;png;wav;mfcribbon-ms</Extensions>
    </Filter>
  </ItemGroup>
  <ItemGroup>
    <ClCompile Include="..\..\NodeJS\produce_questions\TextAndComment.cpp">
      <Filter>Source Files</Filter>
    </ClCompile>
    <ClCompile Include="..\..\NodeJS\produce_questions\SimpleAnswerQuestion.cpp">
      <Filter>Source Files</Filter>
    </ClCompile>
    <ClCompile Include="..\..\NodeJS\produce_questions\SimpleAnswerCategory.cpp">
      <Filter>Source Files</Filter>
    </ClCompile>
    <ClCompile Include="..\..\NodeJS\produce_questions\RandomNumberGenerator.cpp">
      <Filter>Source Files</Filter>
    </ClCompile>
    <ClCompile Include="..\..\NodeJS\produce_questions\QuizData.cpp">
      <Filter>Source Files</Filter>
    </ClCompile>
    <ClCompile Include="..\..\NodeJS\produce_questions\QuestionProducer.cpp">
      <Filter>Source Files</Filter>
    </ClCompile>
    <ClCompile Include="..\..\NodeJS\produce_questions\produce_questions.cpp">
      <Filter>Source Files</Filter>
    </ClCompile>
    <ClCompile Include="..\..\NodeJS\produce_questions\Point.cpp">
      <Filter>Source Files</Filter>
    </ClCompile>
    <ClCompile Include="..\..\NodeJS\produce_questions\MultipleAnswerQuestion.cpp">
      <Filter>Source Files</Filter>
    </ClCompile>
    <ClCompile Include="..\..\NodeJS\produce_questions\MultipleAnswerCategory.cpp">
      <Filter>Source Files</Filter>
    </ClCompile>
    <ClCompile Include="..\..\NodeJS\produce_questions\Level.cpp">
      <Filter>Source Files</Filter>
    </ClCompile>
    <ClCompile Include="..\..\NodeJS\produce_questions\CompleteQuestion.cpp">
      <Filter>Source Files</Filter>
    </ClCompile>
    <ClCompile Include="..\..\NodeJS\produce_questions\Choice.cpp">
      <Filter>Source Files</Filter>
    </ClCompile>
    <ClCompile Include="..\..\NodeJS\produce_questions\Category.cpp">
      <Filter>Source Files</Filter>
    </ClCompile>
    <ClCompile Include="vld.cpp">
      <Filter>Source Files</Filter>
    </ClCompile>
    <ClCompile Include="..\..\NodeJS\produce_questions\AttributeOrderCategory.cpp">
      <Filter>Source Files</Filter>
    </ClCompile>
    <ClCompile Include="..\..\NodeJS\produce_questions\AttributeOrderChoice.cpp">
      <Filter>Source Files</Filter>
    </ClCompile>
    <ClCompile Include="..\..\NodeJS\produce_questions\RelationOrderCategory.cpp">
      <Filter>Source Files</Filter>
    </ClCompile>
    <ClCompile Include="..\..\NodeJS\produce_questions\RelationOrderQuestion.cpp">
      <Filter>Source Files</Filter>
    </ClCompile>
  </ItemGroup>
  <ItemGroup>
    <ClInclude Include="..\..\NodeJS\produce_questions\TextAndComment.h">
      <Filter>Resource Files</Filter>
    </ClInclude>
    <ClInclude Include="..\..\NodeJS\produce_questions\SimpleAnswerQuestion.h">
      <Filter>Resource Files</Filter>
    </ClInclude>
    <ClInclude Include="..\..\NodeJS\produce_questions\SimpleAnswerCategory.h">
      <Filter>Resource Files</Filter>
    </ClInclude>
    <ClInclude Include="..\..\NodeJS\produce_questions\RandomNumberGenerator.h">
      <Filter>Resource Files</Filter>
    </ClInclude>
    <ClInclude Include="..\..\NodeJS\produce_questions\QuizData.h">
      <Filter>Resource Files</Filter>
    </ClInclude>
    <ClInclude Include="..\..\NodeJS\produce_questions\QuestionProducer.h">
      <Filter>Resource Files</Filter>
    </ClInclude>
    <ClInclude Include="..\..\NodeJS\produce_questions\QuestionMultiplicityEnum.h">
      <Filter>Resource Files</Filter>
    </ClInclude>
    <ClInclude Include="..\..\NodeJS\produce_questions\ProximityCriterionTypeEnum.h">
      <Filter>Resource Files</Filter>
    </ClInclude>
    <ClInclude Include="..\..\NodeJS\produce_questions\Point.h">
      <Filter>Resource Files</Filter>
    </ClInclude>
    <ClInclude Include="..\..\NodeJS\produce_questions\MultipleAnswerQuestion.h">
      <Filter>Resource Files</Filter>
    </ClInclude>
    <ClInclude Include="..\..\NodeJS\produce_questions\MultipleAnswerCategory.h">
      <Filter>Resource Files</Filter>
    </ClInclude>
    <ClInclude Include="..\..\NodeJS\produce_questions\Level.h">
      <Filter>Resource Files</Filter>
    </ClInclude>
    <ClInclude Include="..\..\NodeJS\produce_questions\CompleteQuestion.h">
      <Filter>Resource Files</Filter>
    </ClInclude>
    <ClInclude Include="..\..\NodeJS\produce_questions\Choice.h">
      <Filter>Resource Files</Filter>
    </ClInclude>
    <ClInclude Include="..\..\NodeJS\produce_questions\Category.h">
      <Filter>Resource Files</Filter>
    </ClInclude>
    <ClInclude Include="..\..\NodeJS\produce_questions\AttributeOrderCategory.h">
      <Filter>Resource Files</Filter>
    </ClInclude>
    <ClInclude Include="..\..\NodeJS\produce_questions\AttributeOrderChoice.h">
      <Filter>Resource Files</Filter>
    </ClInclude>
    <ClInclude Include="..\..\NodeJS\produce_questions\RelationOrderQuestion.h">
      <Filter>Resource Files</Filter>
    </ClInclude>
    <ClInclude Include="..\..\NodeJS\produce_questions\RelationOrderCategory.h">
      <Filter>Resource Files</Filter>
    </ClInclude>
  </ItemGroup>
</Project>