<?xml version="1.0" encoding="UTF-8" standalone="yes" ?>
<CodeBlocks_project_file>
	<FileVersion major="1" minor="6" />
	<Project>
		<Option title="map_server" />
		<Option pch_mode="2" />
		<Option compiler="gcc" />
		<Build>
			<Target title="Debug">
				<Option output="bin/Debug/map_server" prefix_auto="1" extension_auto="1" />
				<Option object_output="obj/Debug/" />
				<Option type="1" />
				<Option compiler="gcc" />
				<Compiler>
					<Add option="-std=c++11" />
					<Add option="-g" />
					<Add directory="../../../mongo-cxx-driver/include" />
				</Compiler>
				<Linker>
					<Add option="-pthread" />
					<Add library="../../../mongo-cxx-driver/lib/libmongoclient.a" />
					<Add library="boost_system" />
					<Add library="boost_regex" />
					<Add library="boost_thread" />
				</Linker>
			</Target>
			<Target title="Release">
				<Option output="bin/Release/map_server" prefix_auto="1" extension_auto="1" />
				<Option object_output="obj/Release/" />
				<Option type="1" />
				<Option compiler="gcc" />
				<Compiler>
					<Add option="-O2" />
					<Add option="-std=c++11" />
					<Add directory="../../../mongo-cxx-driver/include" />
				</Compiler>
				<Linker>
					<Add option="-s" />
					<Add option="-pthread" />
					<Add library="../../../mongo-cxx-driver/lib/libmongoclient.a" />
					<Add library="boost_system" />
					<Add library="boost_regex" />
					<Add library="boost_thread" />
				</Linker>
				<ExtraCommands>
					<Add after="cp ./bin/Release/map_server ./../map_server.exe" />
				</ExtraCommands>
			</Target>
		</Build>
		<Compiler>
			<Add option="-Wall" />
			<Add option="-fexceptions" />
		</Compiler>
		<Unit filename="FilledPolygonItem.cpp" />
		<Unit filename="FilledPolygonItem.h" />
		<Unit filename="GetElementInfoRequest.cpp" />
		<Unit filename="GetElementInfoRequest.h" />
		<Unit filename="GetElementsInfoRequest.cpp" />
		<Unit filename="GetElementsInfoRequest.h" />
		<Unit filename="GetItemDataRequest.cpp" />
		<Unit filename="GetItemDataRequest.h" />
		<Unit filename="GetLookRequest.cpp" />
		<Unit filename="GetLookRequest.h" />
		<Unit filename="GetMapIdsRequest.cpp" />
		<Unit filename="GetMapIdsRequest.h" />
		<Unit filename="GetMapInfoRequest.cpp" />
		<Unit filename="GetMapInfoRequest.h" />
		<Unit filename="IMap.h" />
		<Unit filename="ItemLook.cpp" />
		<Unit filename="ItemLook.h" />
		<Unit filename="LineElement.cpp" />
		<Unit filename="LineElement.h" />
		<Unit filename="LineItem.cpp" />
		<Unit filename="LineItem.h" />
		<Unit filename="LineLook.cpp" />
		<Unit filename="LineLook.h" />
		<Unit filename="Look.cpp" />
		<Unit filename="Look.h" />
		<Unit filename="Map.cpp" />
		<Unit filename="Map.h" />
		<Unit filename="MapData.cpp" />
		<Unit filename="MapData.h" />
		<Unit filename="MapElement.cpp" />
		<Unit filename="MapElement.h" />
		<Unit filename="MapItem.cpp" />
		<Unit filename="MapItem.h" />
		<Unit filename="MapServer.cpp" />
		<Unit filename="MapServer.h" />
		<Unit filename="MessageTypeEnum.h" />
		<Unit filename="MultipointsItem.cpp" />
		<Unit filename="MultipointsItem.h" />
		<Unit filename="Point.cpp" />
		<Unit filename="Point.h" />
		<Unit filename="PointElement.cpp" />
		<Unit filename="PointElement.h" />
		<Unit filename="PointItem.cpp" />
		<Unit filename="PointItem.h" />
		<Unit filename="PointLook.cpp" />
		<Unit filename="PointLook.h" />
		<Unit filename="PolygonElement.cpp" />
		<Unit filename="PolygonElement.h" />
		<Unit filename="PolygonLook.cpp" />
		<Unit filename="PolygonLook.h" />
		<Unit filename="RenderRequest.cpp" />
		<Unit filename="RenderRequest.h" />
		<Unit filename="Request.cpp" />
		<Unit filename="Request.h" />
		<Unit filename="TextItem.cpp" />
		<Unit filename="TextItem.h" />
		<Unit filename="ThreadInfo.cpp" />
		<Unit filename="ThreadInfo.h" />
		<Unit filename="map_server.cpp" />
		<Extensions>
			<code_completion />
			<debugger />
		</Extensions>
	</Project>
</CodeBlocks_project_file>
