<?xml version="1.0" encoding="UTF-8" standalone="yes" ?>
<CodeBlocks_project_file>
	<FileVersion major="1" minor="6" />
	<Project>
		<Option title="map_server" />
		<Option pch_mode="2" />
		<Option compiler="gcc" />
		<Build>
			<Target title="Debug">
				<Option output="bin/Debug/map_server" prefix_auto="1" extension_auto="1" />
				<Option object_output="obj/Debug/" />
				<Option type="1" />
				<Option compiler="gcc" />
				<Option parameters="localhost diaphnea" />
				<Compiler>
					<Add option="-std=c++11" />
					<Add option="-g" />
					<Add directory="../../../mongo-cxx-driver/include" />
					<Add directory="." />
					<Add directory="Data" />
					<Add directory="Requests" />
					<Add directory="TextDisplayer" />
					<Add directory="../../../../freetype-2.7/include" />
				</Compiler>
				<Linker>
					<Add option="-pthread `libpng-config --ldflags`" />
					<Add library="../../../mongo-cxx-driver/lib/libmongoclient.a" />
					<Add library="boost_system" />
					<Add library="boost_regex" />
					<Add library="boost_thread" />
					<Add library="freetype" />
					<Add library="ssl" />
					<Add library="crypto" />
				</Linker>
			</Target>
			<Target title="Release">
				<Option output="bin/Release/map_server" prefix_auto="1" extension_auto="1" />
				<Option object_output="obj/Release/" />
				<Option type="1" />
				<Option compiler="gcc" />
				<Compiler>
					<Add option="-O2" />
					<Add option="-std=c++11" />
					<Add option="-DBUILD_WITHOUT_PNGPP" />
					<Add directory="../../../mongo-cxx-driver/include" />
					<Add directory="." />
					<Add directory="Data" />
					<Add directory="Requests" />
					<Add directory="TextDisplayer" />
					<Add directory="../../../../freetype-2.7/include" />
				</Compiler>
				<Linker>
					<Add option="-s" />
					<Add option="-pthread" />
					<Add library="../../../mongo-cxx-driver/lib/libmongoclient.a" />
					<Add library="boost_system" />
					<Add library="boost_regex" />
					<Add library="boost_thread" />
					<Add library="freetype" />
					<Add library="ssl" />
					<Add library="crypto" />
				</Linker>
				<ExtraCommands>
					<Add after="cp ./bin/Release/map_server ./../map_server.exe" />
				</ExtraCommands>
			</Target>
		</Build>
		<Compiler>
			<Add option="-Wall" />
			<Add option="-fexceptions" />
		</Compiler>
		<Unit filename="Data/BezierInfo.cpp" />
		<Unit filename="Data/BezierInfo.h" />
		<Unit filename="Data/Category.cpp" />
		<Unit filename="Data/Category.h" />
		<Unit filename="Data/Combinations.cpp" />
		<Unit filename="Data/Combinations.h" />
		<Unit filename="Data/DatabaseError.cpp" />
		<Unit filename="Data/DatabaseError.h" />
		<Unit filename="Data/ElementName.cpp" />
		<Unit filename="Data/ElementName.h" />
		<Unit filename="Data/FilledPolygonItem.cpp" />
		<Unit filename="Data/FilledPolygonItem.h" />
		<Unit filename="Data/IMap.h" />
		<Unit filename="Data/ItemLook.cpp" />
		<Unit filename="Data/ItemLook.h" />
		<Unit filename="Data/LineElement.cpp" />
		<Unit filename="Data/LineElement.h" />
		<Unit filename="Data/LineItem.cpp" />
		<Unit filename="Data/LineItem.h" />
		<Unit filename="Data/LineLook.cpp" />
		<Unit filename="Data/LineLook.h" />
		<Unit filename="Data/Look.cpp" />
		<Unit filename="Data/Look.h" />
		<Unit filename="Data/Map.cpp" />
		<Unit filename="Data/Map.h" />
		<Unit filename="Data/MapData.cpp" />
		<Unit filename="Data/MapData.h" />
		<Unit filename="Data/MapElement.cpp" />
		<Unit filename="Data/MapElement.h" />
		<Unit filename="Data/MapItem.cpp" />
		<Unit filename="Data/MapItem.h" />
		<Unit filename="Data/MultipointsItem.cpp" />
		<Unit filename="Data/MultipointsItem.h" />
		<Unit filename="Data/Point.cpp" />
		<Unit filename="Data/Point.h" />
		<Unit filename="Data/PointElement.cpp" />
		<Unit filename="Data/PointElement.h" />
		<Unit filename="Data/PointItem.cpp" />
		<Unit filename="Data/PointItem.h" />
		<Unit filename="Data/PointLook.cpp" />
		<Unit filename="Data/PointLook.h" />
		<Unit filename="Data/PointVector.cpp" />
		<Unit filename="Data/PointVector.h" />
		<Unit filename="Data/PolygonElement.cpp" />
		<Unit filename="Data/PolygonElement.h" />
		<Unit filename="Data/PolygonLook.cpp" />
		<Unit filename="Data/PolygonLook.h" />
		<Unit filename="ErrorEnum.h" />
		<Unit filename="MapServer.cpp" />
		<Unit filename="MapServer.h" />
		<Unit filename="MessageTypeEnum.h" />
		<Unit filename="Requests/ElementInfoRequest.cpp" />
		<Unit filename="Requests/ElementInfoRequest.h" />
		<Unit filename="Requests/ElementsInfoRequest.cpp" />
		<Unit filename="Requests/ElementsInfoRequest.h" />
		<Unit filename="Requests/ItemDataRequest.cpp" />
		<Unit filename="Requests/ItemDataRequest.h" />
		<Unit filename="Requests/LookRequest.cpp" />
		<Unit filename="Requests/LookRequest.h" />
		<Unit filename="Requests/MapIdsRequest.cpp" />
		<Unit filename="Requests/MapIdsRequest.h" />
		<Unit filename="Requests/MapInfoRequest.cpp" />
		<Unit filename="Requests/MapInfoRequest.h" />
		<Unit filename="Requests/RenderRequest.cpp" />
		<Unit filename="Requests/RenderRequest.h" />
		<Unit filename="Requests/Request.cpp" />
		<Unit filename="Requests/Request.h" />
		<Unit filename="Requests/SvgCreator.cpp" />
		<Unit filename="Requests/SvgCreator.h" />
		<Unit filename="Requests/SvgCurveInfo.cpp" />
		<Unit filename="Requests/SvgCurveInfo.h" />
		<Unit filename="Requests/SvgCustomColor.cpp" />
		<Unit filename="Requests/SvgCustomColor.h" />
		<Unit filename="Requests/SvgInfo.cpp" />
		<Unit filename="Requests/SvgInfo.h" />
		<Unit filename="Requests/SvgItemInfo.cpp" />
		<Unit filename="Requests/SvgItemInfo.h" />
		<Unit filename="Requests/SvgLineInfo.cpp" />
		<Unit filename="Requests/SvgLineInfo.h" />
		<Unit filename="Requests/SvgTextInfo.cpp" />
		<Unit filename="Requests/SvgTextInfo.h" />
		<Unit filename="TextDisplayer/FilledPolygonItemCopy.cpp" />
		<Unit filename="TextDisplayer/FilledPolygonItemCopy.h" />
		<Unit filename="TextDisplayer/Interval.cpp" />
		<Unit filename="TextDisplayer/Interval.h" />
		<Unit filename="TextDisplayer/ItemCopy.cpp" />
		<Unit filename="TextDisplayer/ItemCopy.h" />
		<Unit filename="TextDisplayer/ItemCopyBuilder.cpp" />
		<Unit filename="TextDisplayer/ItemCopyBuilder.h" />
		<Unit filename="TextDisplayer/LineItemCopy.cpp" />
		<Unit filename="TextDisplayer/LineItemCopy.h" />
		<Unit filename="TextDisplayer/PngImage.cpp" />
		<Unit filename="TextDisplayer/PngImage.h" />
		<Unit filename="TextDisplayer/PointItemCopy.cpp" />
		<Unit filename="TextDisplayer/PointItemCopy.h" />
		<Unit filename="TextDisplayer/Potential.cpp" />
		<Unit filename="TextDisplayer/Potential.h" />
		<Unit filename="TextDisplayer/RepulsiveCenter.cpp" />
		<Unit filename="TextDisplayer/RepulsiveCenter.h" />
		<Unit filename="TextDisplayer/TextDisplayer.cpp" />
		<Unit filename="TextDisplayer/TextDisplayer.h" />
		<Unit filename="TextDisplayer/TextDisplayerParameters.cpp" />
		<Unit filename="TextDisplayer/TextDisplayerParameters.h" />
		<Unit filename="TextDisplayer/TextInfo.cpp" />
		<Unit filename="TextDisplayer/TextInfo.h" />
		<Unit filename="TextDisplayer/TextInfoLine.cpp" />
		<Unit filename="TextDisplayer/TextInfoLine.h" />
		<Unit filename="TextDisplayer/TextPotential.cpp" />
		<Unit filename="TextDisplayer/TextPotential.h" />
		<Unit filename="ThreadInfo.cpp" />
		<Unit filename="ThreadInfo.h" />
		<Unit filename="map_server.cpp" />
		<Extensions>
			<code_completion />
			<debugger />
		</Extensions>
	</Project>
</CodeBlocks_project_file>
