<?xml version="1.0" encoding="UTF-8" standalone="yes" ?>
<CodeBlocks_project_file>
	<FileVersion major="1" minor="6" />
	<Project>
		<Option title="map_server" />
		<Option pch_mode="2" />
		<Option compiler="gcc" />
		<Build>
			<Target title="Debug">
				<Option output="bin/Debug/map_server" prefix_auto="1" extension_auto="1" />
				<Option object_output="obj/Debug/" />
				<Option type="1" />
				<Option compiler="gcc" />
				<Compiler>
					<Add option="-std=c++11" />
					<Add option="-g" />
				</Compiler>
				<Linker>
					<Add option="-pthread" />
					<Add library="../../../mongo-cxx-driver/lib/libmongoclient.a" />
					<Add library="boost_system" />
					<Add library="boost_regex" />
					<Add library="boost_thread" />
				</Linker>
			</Target>
			<Target title="Release">
				<Option output="bin/Release/map_server" prefix_auto="1" extension_auto="1" />
				<Option object_output="obj/Release/" />
				<Option type="1" />
				<Option compiler="gcc" />
				<Compiler>
					<Add option="-O2" />
					<Add option="-std=c++11" />
				</Compiler>
				<Linker>
					<Add option="-s" />
					<Add option="-pthread" />
					<Add library="../../../mongo-cxx-driver/lib/libmongoclient.a" />
					<Add library="boost_system" />
					<Add library="boost_regex" />
					<Add library="boost_thread" />
				</Linker>
				<ExtraCommands>
					<Add after="cp ./bin/Release/map_server ./../map_server.exe" />
				</ExtraCommands>
			</Target>
		</Build>
		<Compiler>
			<Add option="-Wall" />
			<Add option="-fexceptions" />
		</Compiler>
		<Unit filename="MapServer.cpp" />
		<Unit filename="MapServer.h" />
		<Unit filename="Request.cpp" />
		<Unit filename="Request.h" />
		<Unit filename="RequestTypeEnum.h" />
		<Unit filename="ThreadInfo.cpp" />
		<Unit filename="ThreadInfo.h" />
		<Unit filename="getMapIdsRequest.cpp" />
		<Unit filename="getMapIdsRequest.h" />
		<Unit filename="getMapNameRequest.cpp" />
		<Unit filename="getMapNameRequest.h" />
		<Unit filename="map_server.cpp" />
		<Extensions>
			<code_completion />
			<debugger />
		</Extensions>
	</Project>
</CodeBlocks_project_file>
