<?xml version="1.0" encoding="utf-8"?>
<Project ToolsVersion="4.0" xmlns="http://schemas.microsoft.com/developer/msbuild/2003">
  <ItemGroup>
    <Filter Include="Fichiers sources">
      <UniqueIdentifier>{4FC737F1-C7A5-4376-A066-2A32D752A2FF}</UniqueIdentifier>
      <Extensions>cpp;c;cc;cxx;def;odl;idl;hpj;bat;asm;asmx</Extensions>
    </Filter>
    <Filter Include="Fichiers d%27en-tête">
      <UniqueIdentifier>{93995380-89BD-4b04-88EB-625FBE52EBFB}</UniqueIdentifier>
      <Extensions>h;hh;hpp;hxx;hm;inl;inc;xsd</Extensions>
    </Filter>
    <Filter Include="Fichiers de ressources">
      <UniqueIdentifier>{67DA6AB6-F800-4c08-8B7A-83BB121AAD01}</UniqueIdentifier>
      <Extensions>rc;ico;cur;bmp;dlg;rc2;rct;bin;rgs;gif;jpg;jpeg;jpe;resx;tiff;tif;png;wav;mfcribbon-ms</Extensions>
    </Filter>
    <Filter Include="Fichiers d%27en-tête\Data">
      <UniqueIdentifier>{6559d96c-c2f0-4b0d-b567-f339d945a356}</UniqueIdentifier>
    </Filter>
    <Filter Include="Fichiers d%27en-tête\Requests">
      <UniqueIdentifier>{4dd3f47e-a754-4e85-bcfb-dbfee691bcb3}</UniqueIdentifier>
    </Filter>
    <Filter Include="Fichiers sources\Data">
      <UniqueIdentifier>{9efb6185-21e0-4488-8510-ed8e911c0a91}</UniqueIdentifier>
    </Filter>
    <Filter Include="Fichiers sources\Requests">
      <UniqueIdentifier>{41cd178d-e977-4f6b-a1df-6f19ce21992b}</UniqueIdentifier>
    </Filter>
    <Filter Include="Fichiers d%27en-tête\TextDisplayer">
      <UniqueIdentifier>{ef9d2548-795d-418c-b66d-a083747ca254}</UniqueIdentifier>
    </Filter>
    <Filter Include="Fichiers sources\TextDisplayer">
      <UniqueIdentifier>{2049d9d3-ec69-4a11-b066-704dcd1aca6b}</UniqueIdentifier>
    </Filter>
  </ItemGroup>
  <ItemGroup>
    <ClCompile Include="vld.cpp">
      <Filter>Fichiers sources</Filter>
    </ClCompile>
    <ClCompile Include="..\..\NodeJS\map_server\map_server.cpp">
      <Filter>Fichiers sources</Filter>
    </ClCompile>
    <ClCompile Include="..\..\NodeJS\map_server\MapServer.cpp">
      <Filter>Fichiers sources</Filter>
    </ClCompile>
    <ClCompile Include="..\..\NodeJS\map_server\ThreadInfo.cpp">
      <Filter>Fichiers sources</Filter>
    </ClCompile>
    <ClCompile Include="..\..\NodeJS\map_server\Data\FilledPolygonItem.cpp">
      <Filter>Fichiers sources\Data</Filter>
    </ClCompile>
    <ClCompile Include="..\..\NodeJS\map_server\Data\ItemLook.cpp">
      <Filter>Fichiers sources\Data</Filter>
    </ClCompile>
    <ClCompile Include="..\..\NodeJS\map_server\Data\LineElement.cpp">
      <Filter>Fichiers sources\Data</Filter>
    </ClCompile>
    <ClCompile Include="..\..\NodeJS\map_server\Data\LineItem.cpp">
      <Filter>Fichiers sources\Data</Filter>
    </ClCompile>
    <ClCompile Include="..\..\NodeJS\map_server\Data\LineLook.cpp">
      <Filter>Fichiers sources\Data</Filter>
    </ClCompile>
    <ClCompile Include="..\..\NodeJS\map_server\Data\Look.cpp">
      <Filter>Fichiers sources\Data</Filter>
    </ClCompile>
    <ClCompile Include="..\..\NodeJS\map_server\Data\Map.cpp">
      <Filter>Fichiers sources\Data</Filter>
    </ClCompile>
    <ClCompile Include="..\..\NodeJS\map_server\Data\MapData.cpp">
      <Filter>Fichiers sources\Data</Filter>
    </ClCompile>
    <ClCompile Include="..\..\NodeJS\map_server\Data\MapElement.cpp">
      <Filter>Fichiers sources\Data</Filter>
    </ClCompile>
    <ClCompile Include="..\..\NodeJS\map_server\Data\MapItem.cpp">
      <Filter>Fichiers sources\Data</Filter>
    </ClCompile>
    <ClCompile Include="..\..\NodeJS\map_server\Data\MultipointsItem.cpp">
      <Filter>Fichiers sources\Data</Filter>
    </ClCompile>
    <ClCompile Include="..\..\NodeJS\map_server\Data\Point.cpp">
      <Filter>Fichiers sources\Data</Filter>
    </ClCompile>
    <ClCompile Include="..\..\NodeJS\map_server\Data\PointElement.cpp">
      <Filter>Fichiers sources\Data</Filter>
    </ClCompile>
    <ClCompile Include="..\..\NodeJS\map_server\Data\PointItem.cpp">
      <Filter>Fichiers sources\Data</Filter>
    </ClCompile>
    <ClCompile Include="..\..\NodeJS\map_server\Data\PointLook.cpp">
      <Filter>Fichiers sources\Data</Filter>
    </ClCompile>
    <ClCompile Include="..\..\NodeJS\map_server\Data\PolygonElement.cpp">
      <Filter>Fichiers sources\Data</Filter>
    </ClCompile>
    <ClCompile Include="..\..\NodeJS\map_server\Data\PolygonLook.cpp">
      <Filter>Fichiers sources\Data</Filter>
    </ClCompile>
    <ClCompile Include="..\..\NodeJS\map_server\Requests\ElementInfoRequest.cpp">
      <Filter>Fichiers sources\Requests</Filter>
    </ClCompile>
    <ClCompile Include="..\..\NodeJS\map_server\Requests\ElementsInfoRequest.cpp">
      <Filter>Fichiers sources\Requests</Filter>
    </ClCompile>
    <ClCompile Include="..\..\NodeJS\map_server\Requests\ItemDataRequest.cpp">
      <Filter>Fichiers sources\Requests</Filter>
    </ClCompile>
    <ClCompile Include="..\..\NodeJS\map_server\Requests\LookRequest.cpp">
      <Filter>Fichiers sources\Requests</Filter>
    </ClCompile>
    <ClCompile Include="..\..\NodeJS\map_server\Requests\MapIdsRequest.cpp">
      <Filter>Fichiers sources\Requests</Filter>
    </ClCompile>
    <ClCompile Include="..\..\NodeJS\map_server\Requests\MapInfoRequest.cpp">
      <Filter>Fichiers sources\Requests</Filter>
    </ClCompile>
    <ClCompile Include="..\..\NodeJS\map_server\Requests\RenderRequest.cpp">
      <Filter>Fichiers sources\Requests</Filter>
    </ClCompile>
    <ClCompile Include="..\..\NodeJS\map_server\Requests\Request.cpp">
      <Filter>Fichiers sources\Requests</Filter>
    </ClCompile>
    <ClCompile Include="..\..\NodeJS\map_server\TextDisplayer\Potential.cpp">
      <Filter>Fichiers sources\TextDisplayer</Filter>
    </ClCompile>
    <ClCompile Include="..\..\NodeJS\map_server\TextDisplayer\RepulsiveCenter.cpp">
      <Filter>Fichiers sources\TextDisplayer</Filter>
    </ClCompile>
    <ClCompile Include="..\..\NodeJS\map_server\TextDisplayer\TextDisplayer.cpp">
      <Filter>Fichiers sources\TextDisplayer</Filter>
    </ClCompile>
    <ClCompile Include="..\..\NodeJS\map_server\TextDisplayer\FilledPolygonItemCopy.cpp">
      <Filter>Fichiers sources\TextDisplayer</Filter>
    </ClCompile>
    <ClCompile Include="..\..\NodeJS\map_server\TextDisplayer\ItemCopy.cpp">
      <Filter>Fichiers sources\TextDisplayer</Filter>
    </ClCompile>
    <ClCompile Include="..\..\NodeJS\map_server\TextDisplayer\ItemCopyBuilder.cpp">
      <Filter>Fichiers sources\TextDisplayer</Filter>
    </ClCompile>
    <ClCompile Include="..\..\NodeJS\map_server\TextDisplayer\LineItemCopy.cpp">
      <Filter>Fichiers sources\TextDisplayer</Filter>
    </ClCompile>
    <ClCompile Include="..\..\NodeJS\map_server\TextDisplayer\PointItemCopy.cpp">
      <Filter>Fichiers sources\TextDisplayer</Filter>
    </ClCompile>
    <ClCompile Include="..\..\NodeJS\map_server\TextDisplayer\TextInfo.cpp">
      <Filter>Fichiers sources\TextDisplayer</Filter>
    </ClCompile>
    <ClCompile Include="..\..\NodeJS\map_server\TextDisplayer\TextDisplayerParameters.cpp">
      <Filter>Fichiers sources\TextDisplayer</Filter>
    </ClCompile>
    <ClCompile Include="..\..\NodeJS\map_server\TextDisplayer\PngImage.cpp">
      <Filter>Fichiers sources\TextDisplayer</Filter>
    </ClCompile>
    <ClCompile Include="..\..\NodeJS\map_server\TextDisplayer\Interval.cpp">
      <Filter>Fichiers sources\TextDisplayer</Filter>
    </ClCompile>
    <ClCompile Include="..\..\NodeJS\map_server\Data\ElementName.cpp">
      <Filter>Fichiers sources\Data</Filter>
    </ClCompile>
    <ClCompile Include="..\..\NodeJS\map_server\TextDisplayer\TextInfoLine.cpp">
      <Filter>Fichiers sources\TextDisplayer</Filter>
    </ClCompile>
    <ClCompile Include="..\..\NodeJS\map_server\Data\Combinations.cpp">
      <Filter>Fichiers sources\Data</Filter>
    </ClCompile>
    <ClCompile Include="..\..\NodeJS\map_server\TextDisplayer\TextPotential.cpp">
      <Filter>Fichiers sources\TextDisplayer</Filter>
    </ClCompile>
    <ClCompile Include="..\..\NodeJS\map_server\Requests\SvgItemInfo.cpp">
      <Filter>Fichiers sources\Requests</Filter>
    </ClCompile>
    <ClCompile Include="..\..\NodeJS\map_server\Requests\SvgTextInfo.cpp">
      <Filter>Fichiers sources\Requests</Filter>
    </ClCompile>
    <ClCompile Include="..\..\NodeJS\map_server\Requests\SvgCreator.cpp">
      <Filter>Fichiers sources\Requests</Filter>
    </ClCompile>
    <ClCompile Include="..\..\NodeJS\map_server\Requests\SvgInfo.cpp">
      <Filter>Fichiers sources\Requests</Filter>
    </ClCompile>
    <ClCompile Include="..\..\NodeJS\map_server\Data\BezierInfo.cpp">
      <Filter>Fichiers sources\Data</Filter>
    </ClCompile>
  </ItemGroup>
  <ItemGroup>
    <ClInclude Include="..\..\NodeJS\map_server\MapServer.h">
      <Filter>Fichiers d%27en-tête</Filter>
    </ClInclude>
    <ClInclude Include="..\..\NodeJS\map_server\MessageTypeEnum.h">
      <Filter>Fichiers d%27en-tête</Filter>
    </ClInclude>
    <ClInclude Include="..\..\NodeJS\map_server\ThreadInfo.h">
      <Filter>Fichiers d%27en-tête</Filter>
    </ClInclude>
    <ClInclude Include="..\..\NodeJS\map_server\Data\FilledPolygonItem.h">
      <Filter>Fichiers d%27en-tête\Data</Filter>
    </ClInclude>
    <ClInclude Include="..\..\NodeJS\map_server\Data\IMap.h">
      <Filter>Fichiers d%27en-tête\Data</Filter>
    </ClInclude>
    <ClInclude Include="..\..\NodeJS\map_server\Data\ItemLook.h">
      <Filter>Fichiers d%27en-tête\Data</Filter>
    </ClInclude>
    <ClInclude Include="..\..\NodeJS\map_server\Data\LineElement.h">
      <Filter>Fichiers d%27en-tête\Data</Filter>
    </ClInclude>
    <ClInclude Include="..\..\NodeJS\map_server\Data\LineItem.h">
      <Filter>Fichiers d%27en-tête\Data</Filter>
    </ClInclude>
    <ClInclude Include="..\..\NodeJS\map_server\Data\LineLook.h">
      <Filter>Fichiers d%27en-tête\Data</Filter>
    </ClInclude>
    <ClInclude Include="..\..\NodeJS\map_server\Data\Look.h">
      <Filter>Fichiers d%27en-tête\Data</Filter>
    </ClInclude>
    <ClInclude Include="..\..\NodeJS\map_server\Data\Map.h">
      <Filter>Fichiers d%27en-tête\Data</Filter>
    </ClInclude>
    <ClInclude Include="..\..\NodeJS\map_server\Data\MapData.h">
      <Filter>Fichiers d%27en-tête\Data</Filter>
    </ClInclude>
    <ClInclude Include="..\..\NodeJS\map_server\Data\MapElement.h">
      <Filter>Fichiers d%27en-tête\Data</Filter>
    </ClInclude>
    <ClInclude Include="..\..\NodeJS\map_server\Data\MapItem.h">
      <Filter>Fichiers d%27en-tête\Data</Filter>
    </ClInclude>
    <ClInclude Include="..\..\NodeJS\map_server\Data\MultipointsItem.h">
      <Filter>Fichiers d%27en-tête\Data</Filter>
    </ClInclude>
    <ClInclude Include="..\..\NodeJS\map_server\Data\Point.h">
      <Filter>Fichiers d%27en-tête\Data</Filter>
    </ClInclude>
    <ClInclude Include="..\..\NodeJS\map_server\Data\PointElement.h">
      <Filter>Fichiers d%27en-tête\Data</Filter>
    </ClInclude>
    <ClInclude Include="..\..\NodeJS\map_server\Data\PointItem.h">
      <Filter>Fichiers d%27en-tête\Data</Filter>
    </ClInclude>
    <ClInclude Include="..\..\NodeJS\map_server\Data\PointLook.h">
      <Filter>Fichiers d%27en-tête\Data</Filter>
    </ClInclude>
    <ClInclude Include="..\..\NodeJS\map_server\Data\PolygonElement.h">
      <Filter>Fichiers d%27en-tête\Data</Filter>
    </ClInclude>
    <ClInclude Include="..\..\NodeJS\map_server\Data\PolygonLook.h">
      <Filter>Fichiers d%27en-tête\Data</Filter>
    </ClInclude>
    <ClInclude Include="..\..\NodeJS\map_server\Requests\ElementInfoRequest.h">
      <Filter>Fichiers d%27en-tête\Requests</Filter>
    </ClInclude>
    <ClInclude Include="..\..\NodeJS\map_server\Requests\ElementsInfoRequest.h">
      <Filter>Fichiers d%27en-tête\Requests</Filter>
    </ClInclude>
    <ClInclude Include="..\..\NodeJS\map_server\Requests\ItemDataRequest.h">
      <Filter>Fichiers d%27en-tête\Requests</Filter>
    </ClInclude>
    <ClInclude Include="..\..\NodeJS\map_server\Requests\LookRequest.h">
      <Filter>Fichiers d%27en-tête\Requests</Filter>
    </ClInclude>
    <ClInclude Include="..\..\NodeJS\map_server\Requests\MapIdsRequest.h">
      <Filter>Fichiers d%27en-tête\Requests</Filter>
    </ClInclude>
    <ClInclude Include="..\..\NodeJS\map_server\Requests\MapInfoRequest.h">
      <Filter>Fichiers d%27en-tête\Requests</Filter>
    </ClInclude>
    <ClInclude Include="..\..\NodeJS\map_server\Requests\RenderRequest.h">
      <Filter>Fichiers d%27en-tête\Requests</Filter>
    </ClInclude>
    <ClInclude Include="..\..\NodeJS\map_server\Requests\Request.h">
      <Filter>Fichiers d%27en-tête\Requests</Filter>
    </ClInclude>
    <ClInclude Include="..\..\NodeJS\map_server\TextDisplayer\PointItemCopy.h">
      <Filter>Fichiers d%27en-tête\TextDisplayer</Filter>
    </ClInclude>
    <ClInclude Include="..\..\NodeJS\map_server\TextDisplayer\Potential.h">
      <Filter>Fichiers d%27en-tête\TextDisplayer</Filter>
    </ClInclude>
    <ClInclude Include="..\..\NodeJS\map_server\TextDisplayer\RepulsiveCenter.h">
      <Filter>Fichiers d%27en-tête\TextDisplayer</Filter>
    </ClInclude>
    <ClInclude Include="..\..\NodeJS\map_server\TextDisplayer\TextDisplayer.h">
      <Filter>Fichiers d%27en-tête\TextDisplayer</Filter>
    </ClInclude>
    <ClInclude Include="..\..\NodeJS\map_server\TextDisplayer\FilledPolygonItemCopy.h">
      <Filter>Fichiers d%27en-tête\TextDisplayer</Filter>
    </ClInclude>
    <ClInclude Include="..\..\NodeJS\map_server\TextDisplayer\ItemCopy.h">
      <Filter>Fichiers d%27en-tête\TextDisplayer</Filter>
    </ClInclude>
    <ClInclude Include="..\..\NodeJS\map_server\TextDisplayer\ItemCopyBuilder.h">
      <Filter>Fichiers d%27en-tête\TextDisplayer</Filter>
    </ClInclude>
    <ClInclude Include="..\..\NodeJS\map_server\TextDisplayer\LineItemCopy.h">
      <Filter>Fichiers d%27en-tête\TextDisplayer</Filter>
    </ClInclude>
    <ClInclude Include="..\..\NodeJS\map_server\TextDisplayer\TextInfo.h">
      <Filter>Fichiers d%27en-tête\TextDisplayer</Filter>
    </ClInclude>
    <ClInclude Include="..\..\NodeJS\map_server\TextDisplayer\TextDisplayerParameters.h">
      <Filter>Fichiers d%27en-tête\TextDisplayer</Filter>
    </ClInclude>
    <ClInclude Include="..\..\NodeJS\map_server\TextDisplayer\PngImage.h">
      <Filter>Fichiers d%27en-tête\TextDisplayer</Filter>
    </ClInclude>
    <ClInclude Include="..\..\NodeJS\map_server\TextDisplayer\Interval.h">
      <Filter>Fichiers d%27en-tête\TextDisplayer</Filter>
    </ClInclude>
    <ClInclude Include="..\..\NodeJS\map_server\Data\ElementName.h">
      <Filter>Fichiers d%27en-tête\Data</Filter>
    </ClInclude>
    <ClInclude Include="..\..\NodeJS\map_server\TextDisplayer\TextInfoLine.h">
      <Filter>Fichiers d%27en-tête\TextDisplayer</Filter>
    </ClInclude>
    <ClInclude Include="..\..\NodeJS\map_server\Data\Combinations.h">
      <Filter>Fichiers d%27en-tête\Data</Filter>
    </ClInclude>
    <ClInclude Include="..\..\NodeJS\map_server\TextDisplayer\TextPotential.h">
      <Filter>Fichiers d%27en-tête\TextDisplayer</Filter>
    </ClInclude>
    <ClInclude Include="..\..\NodeJS\map_server\Requests\SvgTextInfo.h">
      <Filter>Fichiers d%27en-tête\Requests</Filter>
    </ClInclude>
    <ClInclude Include="..\..\NodeJS\map_server\Requests\SvgCreator.h">
      <Filter>Fichiers d%27en-tête\Requests</Filter>
    </ClInclude>
    <ClInclude Include="..\..\NodeJS\map_server\Requests\SvgInfo.h">
      <Filter>Fichiers d%27en-tête\Requests</Filter>
    </ClInclude>
    <ClInclude Include="..\..\NodeJS\map_server\Requests\SvgItemInfo.h">
      <Filter>Fichiers d%27en-tête\Requests</Filter>
    </ClInclude>
    <ClInclude Include="..\..\NodeJS\map_server\Data\BezierInfo.h">
      <Filter>Fichiers d%27en-tête\Data</Filter>
    </ClInclude>
  </ItemGroup>
</Project>